// !$*UTF8*$!
{
	archiveVersion = 1;
	classes = {
	};
	objectVersion = 56;
	objects = {

/* Begin PBXBuildFile section */
		E119E8BB2B7DA31B00257DF5 /* CommonStrings.swift in Sources */ = {isa = PBXBuildFile; fileRef = E119E8BA2B7DA31B00257DF5 /* CommonStrings.swift */; };
		E119E8BE2B7DA36B00257DF5 /* XkcdComicModel.swift in Sources */ = {isa = PBXBuildFile; fileRef = E119E8BD2B7DA36B00257DF5 /* XkcdComicModel.swift */; };
		E119E8C12B7DA7BA00257DF5 /* ComicDetailView.swift in Sources */ = {isa = PBXBuildFile; fileRef = E119E8C02B7DA7BA00257DF5 /* ComicDetailView.swift */; };
		E119E8C62B7DDD8700257DF5 /* XkcdComicService.swift in Sources */ = {isa = PBXBuildFile; fileRef = E119E8C52B7DDD8700257DF5 /* XkcdComicService.swift */; };
		E119E8C92B7DE53C00257DF5 /* ComicDetailViewModel.swift in Sources */ = {isa = PBXBuildFile; fileRef = E119E8C82B7DE53C00257DF5 /* ComicDetailViewModel.swift */; };
		E119E8CC2B7DE59600257DF5 /* FilledSubmitButton.swift in Sources */ = {isa = PBXBuildFile; fileRef = E119E8CB2B7DE59600257DF5 /* FilledSubmitButton.swift */; };
		E119E8CF2B7DE5DD00257DF5 /* BindingExtension.swift in Sources */ = {isa = PBXBuildFile; fileRef = E119E8CE2B7DE5DD00257DF5 /* BindingExtension.swift */; };
		E119E8D12B7DE61F00257DF5 /* ComicNumberTextField.swift in Sources */ = {isa = PBXBuildFile; fileRef = E119E8D02B7DE61F00257DF5 /* ComicNumberTextField.swift */; };
		E1E3FE892B7B2AA60051EE6F /* ExperianAssesmentApp.swift in Sources */ = {isa = PBXBuildFile; fileRef = E1E3FE882B7B2AA60051EE6F /* ExperianAssesmentApp.swift */; };
		E1E3FE8B2B7B2AA60051EE6F /* ContentView.swift in Sources */ = {isa = PBXBuildFile; fileRef = E1E3FE8A2B7B2AA60051EE6F /* ContentView.swift */; };
		E1E3FE8D2B7B2AA70051EE6F /* Assets.xcassets in Resources */ = {isa = PBXBuildFile; fileRef = E1E3FE8C2B7B2AA70051EE6F /* Assets.xcassets */; };
		E1E3FE902B7B2AA70051EE6F /* Preview Assets.xcassets in Resources */ = {isa = PBXBuildFile; fileRef = E1E3FE8F2B7B2AA70051EE6F /* Preview Assets.xcassets */; };
		E1E3FE9A2B7B2AA70051EE6F /* ExperianAssesmentTests.swift in Sources */ = {isa = PBXBuildFile; fileRef = E1E3FE992B7B2AA70051EE6F /* ExperianAssesmentTests.swift */; };
		E1E3FEA42B7B2AA70051EE6F /* ExperianAssesmentUITests.swift in Sources */ = {isa = PBXBuildFile; fileRef = E1E3FEA32B7B2AA70051EE6F /* ExperianAssesmentUITests.swift */; };
		E1E3FEA62B7B2AA70051EE6F /* ExperianAssesmentUITestsLaunchTests.swift in Sources */ = {isa = PBXBuildFile; fileRef = E1E3FEA52B7B2AA70051EE6F /* ExperianAssesmentUITestsLaunchTests.swift */; };
/* End PBXBuildFile section */

/* Begin PBXContainerItemProxy section */
		E1E3FE962B7B2AA70051EE6F /* PBXContainerItemProxy */ = {
			isa = PBXContainerItemProxy;
			containerPortal = E1E3FE7D2B7B2AA60051EE6F /* Project object */;
			proxyType = 1;
			remoteGlobalIDString = E1E3FE842B7B2AA60051EE6F;
			remoteInfo = ExperianAssesment;
		};
		E1E3FEA02B7B2AA70051EE6F /* PBXContainerItemProxy */ = {
			isa = PBXContainerItemProxy;
			containerPortal = E1E3FE7D2B7B2AA60051EE6F /* Project object */;
			proxyType = 1;
			remoteGlobalIDString = E1E3FE842B7B2AA60051EE6F;
			remoteInfo = ExperianAssesment;
		};
/* End PBXContainerItemProxy section */

/* Begin PBXFileReference section */
		E119E8BA2B7DA31B00257DF5 /* CommonStrings.swift */ = {isa = PBXFileReference; lastKnownFileType = sourcecode.swift; path = CommonStrings.swift; sourceTree = "<group>"; };
		E119E8BD2B7DA36B00257DF5 /* XkcdComicModel.swift */ = {isa = PBXFileReference; lastKnownFileType = sourcecode.swift; path = XkcdComicModel.swift; sourceTree = "<group>"; };
		E119E8C02B7DA7BA00257DF5 /* ComicDetailView.swift */ = {isa = PBXFileReference; lastKnownFileType = sourcecode.swift; path = ComicDetailView.swift; sourceTree = "<group>"; };
		E119E8C52B7DDD8700257DF5 /* XkcdComicService.swift */ = {isa = PBXFileReference; lastKnownFileType = sourcecode.swift; path = XkcdComicService.swift; sourceTree = "<group>"; };
		E119E8C82B7DE53C00257DF5 /* ComicDetailViewModel.swift */ = {isa = PBXFileReference; lastKnownFileType = sourcecode.swift; path = ComicDetailViewModel.swift; sourceTree = "<group>"; };
		E119E8CB2B7DE59600257DF5 /* FilledSubmitButton.swift */ = {isa = PBXFileReference; lastKnownFileType = sourcecode.swift; path = FilledSubmitButton.swift; sourceTree = "<group>"; };
		E119E8CE2B7DE5DD00257DF5 /* BindingExtension.swift */ = {isa = PBXFileReference; lastKnownFileType = sourcecode.swift; path = BindingExtension.swift; sourceTree = "<group>"; };
		E119E8D02B7DE61F00257DF5 /* ComicNumberTextField.swift */ = {isa = PBXFileReference; lastKnownFileType = sourcecode.swift; path = ComicNumberTextField.swift; sourceTree = "<group>"; };
		E1E3FE852B7B2AA60051EE6F /* ExperianAssesment.app */ = {isa = PBXFileReference; explicitFileType = wrapper.application; includeInIndex = 0; path = ExperianAssesment.app; sourceTree = BUILT_PRODUCTS_DIR; };
		E1E3FE882B7B2AA60051EE6F /* ExperianAssesmentApp.swift */ = {isa = PBXFileReference; lastKnownFileType = sourcecode.swift; path = ExperianAssesmentApp.swift; sourceTree = "<group>"; };
		E1E3FE8A2B7B2AA60051EE6F /* ContentView.swift */ = {isa = PBXFileReference; lastKnownFileType = sourcecode.swift; path = ContentView.swift; sourceTree = "<group>"; };
		E1E3FE8C2B7B2AA70051EE6F /* Assets.xcassets */ = {isa = PBXFileReference; lastKnownFileType = folder.assetcatalog; path = Assets.xcassets; sourceTree = "<group>"; };
		E1E3FE8F2B7B2AA70051EE6F /* Preview Assets.xcassets */ = {isa = PBXFileReference; lastKnownFileType = folder.assetcatalog; path = "Preview Assets.xcassets"; sourceTree = "<group>"; };
		E1E3FE952B7B2AA70051EE6F /* ExperianAssesmentTests.xctest */ = {isa = PBXFileReference; explicitFileType = wrapper.cfbundle; includeInIndex = 0; path = ExperianAssesmentTests.xctest; sourceTree = BUILT_PRODUCTS_DIR; };
		E1E3FE992B7B2AA70051EE6F /* ExperianAssesmentTests.swift */ = {isa = PBXFileReference; lastKnownFileType = sourcecode.swift; path = ExperianAssesmentTests.swift; sourceTree = "<group>"; };
		E1E3FE9F2B7B2AA70051EE6F /* ExperianAssesmentUITests.xctest */ = {isa = PBXFileReference; explicitFileType = wrapper.cfbundle; includeInIndex = 0; path = ExperianAssesmentUITests.xctest; sourceTree = BUILT_PRODUCTS_DIR; };
		E1E3FEA32B7B2AA70051EE6F /* ExperianAssesmentUITests.swift */ = {isa = PBXFileReference; lastKnownFileType = sourcecode.swift; path = ExperianAssesmentUITests.swift; sourceTree = "<group>"; };
		E1E3FEA52B7B2AA70051EE6F /* ExperianAssesmentUITestsLaunchTests.swift */ = {isa = PBXFileReference; lastKnownFileType = sourcecode.swift; path = ExperianAssesmentUITestsLaunchTests.swift; sourceTree = "<group>"; };
/* End PBXFileReference section */

/* Begin PBXFrameworksBuildPhase section */
		E1E3FE822B7B2AA60051EE6F /* Frameworks */ = {
			isa = PBXFrameworksBuildPhase;
			buildActionMask = 2147483647;
			files = (
			);
			runOnlyForDeploymentPostprocessing = 0;
		};
		E1E3FE922B7B2AA70051EE6F /* Frameworks */ = {
			isa = PBXFrameworksBuildPhase;
			buildActionMask = 2147483647;
			files = (
			);
			runOnlyForDeploymentPostprocessing = 0;
		};
		E1E3FE9C2B7B2AA70051EE6F /* Frameworks */ = {
			isa = PBXFrameworksBuildPhase;
			buildActionMask = 2147483647;
			files = (
			);
			runOnlyForDeploymentPostprocessing = 0;
		};
/* End PBXFrameworksBuildPhase section */

/* Begin PBXGroup section */
		E119E8BC2B7DA33100257DF5 /* Models */ = {
			isa = PBXGroup;
			children = (
				E119E8BD2B7DA36B00257DF5 /* XkcdComicModel.swift */,
			);
			path = Models;
			sourceTree = "<group>";
		};
		E119E8BF2B7DA78D00257DF5 /* ComicDetailView */ = {
			isa = PBXGroup;
			children = (
				E119E8C02B7DA7BA00257DF5 /* ComicDetailView.swift */,
			);
			path = ComicDetailView;
			sourceTree = "<group>";
		};
		E119E8C22B7DAABB00257DF5 /* Strings */ = {
			isa = PBXGroup;
			children = (
				E119E8BA2B7DA31B00257DF5 /* CommonStrings.swift */,
			);
			path = Strings;
			sourceTree = "<group>";
		};
		E119E8C32B7DAB1400257DF5 /* Views */ = {
			isa = PBXGroup;
			children = (
				E119E8CA2B7DE56100257DF5 /* InputScreenView */,
				E119E8BF2B7DA78D00257DF5 /* ComicDetailView */,
				E119E8CB2B7DE59600257DF5 /* FilledSubmitButton.swift */,
				E119E8D02B7DE61F00257DF5 /* ComicNumberTextField.swift */,
			);
			path = Views;
			sourceTree = "<group>";
		};
		E119E8C42B7DDD4B00257DF5 /* Service */ = {
			isa = PBXGroup;
			children = (
				E119E8C52B7DDD8700257DF5 /* XkcdComicService.swift */,
			);
			path = Service;
			sourceTree = "<group>";
		};
		E119E8C72B7DE53000257DF5 /* ViewModel */ = {
			isa = PBXGroup;
			children = (
				E119E8C82B7DE53C00257DF5 /* ComicDetailViewModel.swift */,
			);
			path = ViewModel;
			sourceTree = "<group>";
		};
		E119E8CA2B7DE56100257DF5 /* InputScreenView */ = {
			isa = PBXGroup;
			children = (
				E1E3FE8A2B7B2AA60051EE6F /* ContentView.swift */,
			);
			path = InputScreenView;
			sourceTree = "<group>";
		};
		E119E8CD2B7DE5BE00257DF5 /* Extensions */ = {
			isa = PBXGroup;
			children = (
				E119E8CE2B7DE5DD00257DF5 /* BindingExtension.swift */,
			);
			path = Extensions;
			sourceTree = "<group>";
		};
		E1E3FE7C2B7B2AA60051EE6F = {
			isa = PBXGroup;
			children = (
				E1E3FE872B7B2AA60051EE6F /* ExperianAssesment */,
				E1E3FE982B7B2AA70051EE6F /* ExperianAssesmentTests */,
				E1E3FEA22B7B2AA70051EE6F /* ExperianAssesmentUITests */,
				E1E3FE862B7B2AA60051EE6F /* Products */,
			);
			sourceTree = "<group>";
		};
		E1E3FE862B7B2AA60051EE6F /* Products */ = {
			isa = PBXGroup;
			children = (
				E1E3FE852B7B2AA60051EE6F /* ExperianAssesment.app */,
				E1E3FE952B7B2AA70051EE6F /* ExperianAssesmentTests.xctest */,
				E1E3FE9F2B7B2AA70051EE6F /* ExperianAssesmentUITests.xctest */,
			);
			name = Products;
			sourceTree = "<group>";
		};
		E1E3FE872B7B2AA60051EE6F /* ExperianAssesment */ = {
			isa = PBXGroup;
			children = (
				E119E8CD2B7DE5BE00257DF5 /* Extensions */,
				E119E8C72B7DE53000257DF5 /* ViewModel */,
				E119E8C42B7DDD4B00257DF5 /* Service */,
				E119E8C32B7DAB1400257DF5 /* Views */,
				E119E8C22B7DAABB00257DF5 /* Strings */,
				E119E8BC2B7DA33100257DF5 /* Models */,
				E1E3FE882B7B2AA60051EE6F /* ExperianAssesmentApp.swift */,
				E1E3FE8C2B7B2AA70051EE6F /* Assets.xcassets */,
				E1E3FE8E2B7B2AA70051EE6F /* Preview Content */,
			);
			path = ExperianAssesment;
			sourceTree = "<group>";
		};
		E1E3FE8E2B7B2AA70051EE6F /* Preview Content */ = {
			isa = PBXGroup;
			children = (
				E1E3FE8F2B7B2AA70051EE6F /* Preview Assets.xcassets */,
			);
			path = "Preview Content";
			sourceTree = "<group>";
		};
		E1E3FE982B7B2AA70051EE6F /* ExperianAssesmentTests */ = {
			isa = PBXGroup;
			children = (
				E1E3FE992B7B2AA70051EE6F /* ExperianAssesmentTests.swift */,
			);
			path = ExperianAssesmentTests;
			sourceTree = "<group>";
		};
		E1E3FEA22B7B2AA70051EE6F /* ExperianAssesmentUITests */ = {
			isa = PBXGroup;
			children = (
				E1E3FEA32B7B2AA70051EE6F /* ExperianAssesmentUITests.swift */,
				E1E3FEA52B7B2AA70051EE6F /* ExperianAssesmentUITestsLaunchTests.swift */,
			);
			path = ExperianAssesmentUITests;
			sourceTree = "<group>";
		};
/* End PBXGroup section */

/* Begin PBXNativeTarget section */
		E1E3FE842B7B2AA60051EE6F /* ExperianAssesment */ = {
			isa = PBXNativeTarget;
			buildConfigurationList = E1E3FEA92B7B2AA70051EE6F /* Build configuration list for PBXNativeTarget "ExperianAssesment" */;
			buildPhases = (
				E1E3FE812B7B2AA60051EE6F /* Sources */,
				E1E3FE822B7B2AA60051EE6F /* Frameworks */,
				E1E3FE832B7B2AA60051EE6F /* Resources */,
			);
			buildRules = (
			);
			dependencies = (
			);
			name = ExperianAssesment;
			productName = ExperianAssesment;
			productReference = E1E3FE852B7B2AA60051EE6F /* ExperianAssesment.app */;
			productType = "com.apple.product-type.application";
		};
		E1E3FE942B7B2AA70051EE6F /* ExperianAssesmentTests */ = {
			isa = PBXNativeTarget;
			buildConfigurationList = E1E3FEAC2B7B2AA70051EE6F /* Build configuration list for PBXNativeTarget "ExperianAssesmentTests" */;
			buildPhases = (
				E1E3FE912B7B2AA70051EE6F /* Sources */,
				E1E3FE922B7B2AA70051EE6F /* Frameworks */,
				E1E3FE932B7B2AA70051EE6F /* Resources */,
			);
			buildRules = (
			);
			dependencies = (
				E1E3FE972B7B2AA70051EE6F /* PBXTargetDependency */,
			);
			name = ExperianAssesmentTests;
			productName = ExperianAssesmentTests;
			productReference = E1E3FE952B7B2AA70051EE6F /* ExperianAssesmentTests.xctest */;
			productType = "com.apple.product-type.bundle.unit-test";
		};
		E1E3FE9E2B7B2AA70051EE6F /* ExperianAssesmentUITests */ = {
			isa = PBXNativeTarget;
			buildConfigurationList = E1E3FEAF2B7B2AA70051EE6F /* Build configuration list for PBXNativeTarget "ExperianAssesmentUITests" */;
			buildPhases = (
				E1E3FE9B2B7B2AA70051EE6F /* Sources */,
				E1E3FE9C2B7B2AA70051EE6F /* Frameworks */,
				E1E3FE9D2B7B2AA70051EE6F /* Resources */,
			);
			buildRules = (
			);
			dependencies = (
				E1E3FEA12B7B2AA70051EE6F /* PBXTargetDependency */,
			);
			name = ExperianAssesmentUITests;
			productName = ExperianAssesmentUITests;
			productReference = E1E3FE9F2B7B2AA70051EE6F /* ExperianAssesmentUITests.xctest */;
			productType = "com.apple.product-type.bundle.ui-testing";
		};
/* End PBXNativeTarget section */

/* Begin PBXProject section */
		E1E3FE7D2B7B2AA60051EE6F /* Project object */ = {
			isa = PBXProject;
			attributes = {
				BuildIndependentTargetsInParallel = 1;
				LastSwiftUpdateCheck = 1500;
				LastUpgradeCheck = 1500;
				TargetAttributes = {
					E1E3FE842B7B2AA60051EE6F = {
						CreatedOnToolsVersion = 15.0;
					};
					E1E3FE942B7B2AA70051EE6F = {
						CreatedOnToolsVersion = 15.0;
						TestTargetID = E1E3FE842B7B2AA60051EE6F;
					};
					E1E3FE9E2B7B2AA70051EE6F = {
						CreatedOnToolsVersion = 15.0;
						TestTargetID = E1E3FE842B7B2AA60051EE6F;
					};
				};
			};
			buildConfigurationList = E1E3FE802B7B2AA60051EE6F /* Build configuration list for PBXProject "ExperianAssesment" */;
			compatibilityVersion = "Xcode 14.0";
			developmentRegion = en;
			hasScannedForEncodings = 0;
			knownRegions = (
				en,
				Base,
			);
			mainGroup = E1E3FE7C2B7B2AA60051EE6F;
			productRefGroup = E1E3FE862B7B2AA60051EE6F /* Products */;
			projectDirPath = "";
			projectRoot = "";
			targets = (
				E1E3FE842B7B2AA60051EE6F /* ExperianAssesment */,
				E1E3FE942B7B2AA70051EE6F /* ExperianAssesmentTests */,
				E1E3FE9E2B7B2AA70051EE6F /* ExperianAssesmentUITests */,
			);
		};
/* End PBXProject section */

/* Begin PBXResourcesBuildPhase section */
		E1E3FE832B7B2AA60051EE6F /* Resources */ = {
			isa = PBXResourcesBuildPhase;
			buildActionMask = 2147483647;
			files = (
				E1E3FE902B7B2AA70051EE6F /* Preview Assets.xcassets in Resources */,
				E1E3FE8D2B7B2AA70051EE6F /* Assets.xcassets in Resources */,
			);
			runOnlyForDeploymentPostprocessing = 0;
		};
		E1E3FE932B7B2AA70051EE6F /* Resources */ = {
			isa = PBXResourcesBuildPhase;
			buildActionMask = 2147483647;
			files = (
			);
			runOnlyForDeploymentPostprocessing = 0;
		};
		E1E3FE9D2B7B2AA70051EE6F /* Resources */ = {
			isa = PBXResourcesBuildPhase;
			buildActionMask = 2147483647;
			files = (
			);
			runOnlyForDeploymentPostprocessing = 0;
		};
/* End PBXResourcesBuildPhase section */

/* Begin PBXSourcesBuildPhase section */
		E1E3FE812B7B2AA60051EE6F /* Sources */ = {
			isa = PBXSourcesBuildPhase;
			buildActionMask = 2147483647;
			files = (
				E1E3FE8B2B7B2AA60051EE6F /* ContentView.swift in Sources */,
				E119E8C62B7DDD8700257DF5 /* XkcdComicService.swift in Sources */,
				E119E8BE2B7DA36B00257DF5 /* XkcdComicModel.swift in Sources */,
				E119E8CC2B7DE59600257DF5 /* FilledSubmitButton.swift in Sources */,
				E119E8C92B7DE53C00257DF5 /* ComicDetailViewModel.swift in Sources */,
				E1E3FE892B7B2AA60051EE6F /* ExperianAssesmentApp.swift in Sources */,
				E119E8CF2B7DE5DD00257DF5 /* BindingExtension.swift in Sources */,
				E119E8BB2B7DA31B00257DF5 /* CommonStrings.swift in Sources */,
				E119E8D12B7DE61F00257DF5 /* ComicNumberTextField.swift in Sources */,
				E119E8C12B7DA7BA00257DF5 /* ComicDetailView.swift in Sources */,
			);
			runOnlyForDeploymentPostprocessing = 0;
		};
		E1E3FE912B7B2AA70051EE6F /* Sources */ = {
			isa = PBXSourcesBuildPhase;
			buildActionMask = 2147483647;
			files = (
				E1E3FE9A2B7B2AA70051EE6F /* ExperianAssesmentTests.swift in Sources */,
			);
			runOnlyForDeploymentPostprocessing = 0;
		};
		E1E3FE9B2B7B2AA70051EE6F /* Sources */ = {
			isa = PBXSourcesBuildPhase;
			buildActionMask = 2147483647;
			files = (
				E1E3FEA62B7B2AA70051EE6F /* ExperianAssesmentUITestsLaunchTests.swift in Sources */,
				E1E3FEA42B7B2AA70051EE6F /* ExperianAssesmentUITests.swift in Sources */,
			);
			runOnlyForDeploymentPostprocessing = 0;
		};
/* End PBXSourcesBuildPhase section */

/* Begin PBXTargetDependency section */
		E1E3FE972B7B2AA70051EE6F /* PBXTargetDependency */ = {
			isa = PBXTargetDependency;
			target = E1E3FE842B7B2AA60051EE6F /* ExperianAssesment */;
			targetProxy = E1E3FE962B7B2AA70051EE6F /* PBXContainerItemProxy */;
		};
		E1E3FEA12B7B2AA70051EE6F /* PBXTargetDependency */ = {
			isa = PBXTargetDependency;
			target = E1E3FE842B7B2AA60051EE6F /* ExperianAssesment */;
			targetProxy = E1E3FEA02B7B2AA70051EE6F /* PBXContainerItemProxy */;
		};
/* End PBXTargetDependency section */

/* Begin XCBuildConfiguration section */
		E1E3FEA72B7B2AA70051EE6F /* Debug */ = {
			isa = XCBuildConfiguration;
			buildSettings = {
				ALWAYS_SEARCH_USER_PATHS = NO;
				ASSETCATALOG_COMPILER_GENERATE_SWIFT_ASSET_SYMBOL_EXTENSIONS = YES;
				CLANG_ANALYZER_NONNULL = YES;
				CLANG_ANALYZER_NUMBER_OBJECT_CONVERSION = YES_AGGRESSIVE;
				CLANG_CXX_LANGUAGE_STANDARD = "gnu++20";
				CLANG_ENABLE_MODULES = YES;
				CLANG_ENABLE_OBJC_ARC = YES;
				CLANG_ENABLE_OBJC_WEAK = YES;
				CLANG_WARN_BLOCK_CAPTURE_AUTORELEASING = YES;
				CLANG_WARN_BOOL_CONVERSION = YES;
				CLANG_WARN_COMMA = YES;
				CLANG_WARN_CONSTANT_CONVERSION = YES;
				CLANG_WARN_DEPRECATED_OBJC_IMPLEMENTATIONS = YES;
				CLANG_WARN_DIRECT_OBJC_ISA_USAGE = YES_ERROR;
				CLANG_WARN_DOCUMENTATION_COMMENTS = YES;
				CLANG_WARN_EMPTY_BODY = YES;
				CLANG_WARN_ENUM_CONVERSION = YES;
				CLANG_WARN_INFINITE_RECURSION = YES;
				CLANG_WARN_INT_CONVERSION = YES;
				CLANG_WARN_NON_LITERAL_NULL_CONVERSION = YES;
				CLANG_WARN_OBJC_IMPLICIT_RETAIN_SELF = YES;
				CLANG_WARN_OBJC_LITERAL_CONVERSION = YES;
				CLANG_WARN_OBJC_ROOT_CLASS = YES_ERROR;
				CLANG_WARN_QUOTED_INCLUDE_IN_FRAMEWORK_HEADER = YES;
				CLANG_WARN_RANGE_LOOP_ANALYSIS = YES;
				CLANG_WARN_STRICT_PROTOTYPES = YES;
				CLANG_WARN_SUSPICIOUS_MOVE = YES;
				CLANG_WARN_UNGUARDED_AVAILABILITY = YES_AGGRESSIVE;
				CLANG_WARN_UNREACHABLE_CODE = YES;
				CLANG_WARN__DUPLICATE_METHOD_MATCH = YES;
				COPY_PHASE_STRIP = NO;
				DEBUG_INFORMATION_FORMAT = dwarf;
				ENABLE_STRICT_OBJC_MSGSEND = YES;
				ENABLE_TESTABILITY = YES;
				ENABLE_USER_SCRIPT_SANDBOXING = YES;
				GCC_C_LANGUAGE_STANDARD = gnu17;
				GCC_DYNAMIC_NO_PIC = NO;
				GCC_NO_COMMON_BLOCKS = YES;
				GCC_OPTIMIZATION_LEVEL = 0;
				GCC_PREPROCESSOR_DEFINITIONS = (
					"DEBUG=1",
					"$(inherited)",
				);
				GCC_WARN_64_TO_32_BIT_CONVERSION = YES;
				GCC_WARN_ABOUT_RETURN_TYPE = YES_ERROR;
				GCC_WARN_UNDECLARED_SELECTOR = YES;
				GCC_WARN_UNINITIALIZED_AUTOS = YES_AGGRESSIVE;
				GCC_WARN_UNUSED_FUNCTION = YES;
				GCC_WARN_UNUSED_VARIABLE = YES;
				IPHONEOS_DEPLOYMENT_TARGET = 17.0;
				LOCALIZATION_PREFERS_STRING_CATALOGS = YES;
				MTL_ENABLE_DEBUG_INFO = INCLUDE_SOURCE;
				MTL_FAST_MATH = YES;
				ONLY_ACTIVE_ARCH = YES;
				SDKROOT = iphoneos;
				SWIFT_ACTIVE_COMPILATION_CONDITIONS = "DEBUG $(inherited)";
				SWIFT_OPTIMIZATION_LEVEL = "-Onone";
			};
			name = Debug;
		};
		E1E3FEA82B7B2AA70051EE6F /* Release */ = {
			isa = XCBuildConfiguration;
			buildSettings = {
				ALWAYS_SEARCH_USER_PATHS = NO;
				ASSETCATALOG_COMPILER_GENERATE_SWIFT_ASSET_SYMBOL_EXTENSIONS = YES;
				CLANG_ANALYZER_NONNULL = YES;
				CLANG_ANALYZER_NUMBER_OBJECT_CONVERSION = YES_AGGRESSIVE;
				CLANG_CXX_LANGUAGE_STANDARD = "gnu++20";
				CLANG_ENABLE_MODULES = YES;
				CLANG_ENABLE_OBJC_ARC = YES;
				CLANG_ENABLE_OBJC_WEAK = YES;
				CLANG_WARN_BLOCK_CAPTURE_AUTORELEASING = YES;
				CLANG_WARN_BOOL_CONVERSION = YES;
				CLANG_WARN_COMMA = YES;
				CLANG_WARN_CONSTANT_CONVERSION = YES;
				CLANG_WARN_DEPRECATED_OBJC_IMPLEMENTATIONS = YES;
				CLANG_WARN_DIRECT_OBJC_ISA_USAGE = YES_ERROR;
				CLANG_WARN_DOCUMENTATION_COMMENTS = YES;
				CLANG_WARN_EMPTY_BODY = YES;
				CLANG_WARN_ENUM_CONVERSION = YES;
				CLANG_WARN_INFINITE_RECURSION = YES;
				CLANG_WARN_INT_CONVERSION = YES;
				CLANG_WARN_NON_LITERAL_NULL_CONVERSION = YES;
				CLANG_WARN_OBJC_IMPLICIT_RETAIN_SELF = YES;
				CLANG_WARN_OBJC_LITERAL_CONVERSION = YES;
				CLANG_WARN_OBJC_ROOT_CLASS = YES_ERROR;
				CLANG_WARN_QUOTED_INCLUDE_IN_FRAMEWORK_HEADER = YES;
				CLANG_WARN_RANGE_LOOP_ANALYSIS = YES;
				CLANG_WARN_STRICT_PROTOTYPES = YES;
				CLANG_WARN_SUSPICIOUS_MOVE = YES;
				CLANG_WARN_UNGUARDED_AVAILABILITY = YES_AGGRESSIVE;
				CLANG_WARN_UNREACHABLE_CODE = YES;
				CLANG_WARN__DUPLICATE_METHOD_MATCH = YES;
				COPY_PHASE_STRIP = NO;
				DEBUG_INFORMATION_FORMAT = "dwarf-with-dsym";
				ENABLE_NS_ASSERTIONS = NO;
				ENABLE_STRICT_OBJC_MSGSEND = YES;
				ENABLE_USER_SCRIPT_SANDBOXING = YES;
				GCC_C_LANGUAGE_STANDARD = gnu17;
				GCC_NO_COMMON_BLOCKS = YES;
				GCC_WARN_64_TO_32_BIT_CONVERSION = YES;
				GCC_WARN_ABOUT_RETURN_TYPE = YES_ERROR;
				GCC_WARN_UNDECLARED_SELECTOR = YES;
				GCC_WARN_UNINITIALIZED_AUTOS = YES_AGGRESSIVE;
				GCC_WARN_UNUSED_FUNCTION = YES;
				GCC_WARN_UNUSED_VARIABLE = YES;
				IPHONEOS_DEPLOYMENT_TARGET = 17.0;
				LOCALIZATION_PREFERS_STRING_CATALOGS = YES;
				MTL_ENABLE_DEBUG_INFO = NO;
				MTL_FAST_MATH = YES;
				SDKROOT = iphoneos;
				SWIFT_COMPILATION_MODE = wholemodule;
				VALIDATE_PRODUCT = YES;
			};
			name = Release;
		};
		E1E3FEAA2B7B2AA70051EE6F /* Debug */ = {
			isa = XCBuildConfiguration;
			buildSettings = {
				ASSETCATALOG_COMPILER_APPICON_NAME = AppIcon;
				ASSETCATALOG_COMPILER_GLOBAL_ACCENT_COLOR_NAME = AccentColor;
				CODE_SIGN_STYLE = Automatic;
				CURRENT_PROJECT_VERSION = 1;
				DEVELOPMENT_ASSET_PATHS = "\"ExperianAssesment/Preview Content\"";
				ENABLE_PREVIEWS = YES;
				GENERATE_INFOPLIST_FILE = YES;
				INFOPLIST_KEY_UIApplicationSceneManifest_Generation = YES;
				INFOPLIST_KEY_UIApplicationSupportsIndirectInputEvents = YES;
				INFOPLIST_KEY_UILaunchScreen_Generation = YES;
				INFOPLIST_KEY_UISupportedInterfaceOrientations_iPad = "UIInterfaceOrientationPortrait UIInterfaceOrientationPortraitUpsideDown UIInterfaceOrientationLandscapeLeft UIInterfaceOrientationLandscapeRight";
				INFOPLIST_KEY_UISupportedInterfaceOrientations_iPhone = "UIInterfaceOrientationPortrait UIInterfaceOrientationLandscapeLeft UIInterfaceOrientationLandscapeRight";
				LD_RUNPATH_SEARCH_PATHS = (
					"$(inherited)",
					"@executable_path/Frameworks",
				);
				MARKETING_VERSION = 1.0;
				PRODUCT_BUNDLE_IDENTIFIER = "Shaival-Personal.ExperianAssesment";
				PRODUCT_NAME = "$(TARGET_NAME)";
				SWIFT_EMIT_LOC_STRINGS = YES;
				SWIFT_VERSION = 5.0;
				TARGETED_DEVICE_FAMILY = "1,2";
			};
			name = Debug;
		};
		E1E3FEAB2B7B2AA70051EE6F /* Release */ = {
			isa = XCBuildConfiguration;
			buildSettings = {
				ASSETCATALOG_COMPILER_APPICON_NAME = AppIcon;
				ASSETCATALOG_COMPILER_GLOBAL_ACCENT_COLOR_NAME = AccentColor;
				CODE_SIGN_STYLE = Automatic;
				CURRENT_PROJECT_VERSION = 1;
				DEVELOPMENT_ASSET_PATHS = "\"ExperianAssesment/Preview Content\"";
				ENABLE_PREVIEWS = YES;
				GENERATE_INFOPLIST_FILE = YES;
				INFOPLIST_KEY_UIApplicationSceneManifest_Generation = YES;
				INFOPLIST_KEY_UIApplicationSupportsIndirectInputEvents = YES;
				INFOPLIST_KEY_UILaunchScreen_Generation = YES;
				INFOPLIST_KEY_UISupportedInterfaceOrientations_iPad = "UIInterfaceOrientationPortrait UIInterfaceOrientationPortraitUpsideDown UIInterfaceOrientationLandscapeLeft UIInterfaceOrientationLandscapeRight";
				INFOPLIST_KEY_UISupportedInterfaceOrientations_iPhone = "UIInterfaceOrientationPortrait UIInterfaceOrientationLandscapeLeft UIInterfaceOrientationLandscapeRight";
				LD_RUNPATH_SEARCH_PATHS = (
					"$(inherited)",
					"@executable_path/Frameworks",
				);
				MARKETING_VERSION = 1.0;
				PRODUCT_BUNDLE_IDENTIFIER = "Shaival-Personal.ExperianAssesment";
				PRODUCT_NAME = "$(TARGET_NAME)";
				SWIFT_EMIT_LOC_STRINGS = YES;
				SWIFT_VERSION = 5.0;
				TARGETED_DEVICE_FAMILY = "1,2";
			};
			name = Release;
		};
		E1E3FEAD2B7B2AA70051EE6F /* Debug */ = {
			isa = XCBuildConfiguration;
			buildSettings = {
				ALWAYS_EMBED_SWIFT_STANDARD_LIBRARIES = YES;
				BUNDLE_LOADER = "$(TEST_HOST)";
				CODE_SIGN_STYLE = Automatic;
				CURRENT_PROJECT_VERSION = 1;
				GENERATE_INFOPLIST_FILE = YES;
				IPHONEOS_DEPLOYMENT_TARGET = 17.0;
				MARKETING_VERSION = 1.0;
				PRODUCT_BUNDLE_IDENTIFIER = "Shaival-Personal.ExperianAssesmentTests";
				PRODUCT_NAME = "$(TARGET_NAME)";
				SWIFT_EMIT_LOC_STRINGS = NO;
				SWIFT_VERSION = 5.0;
				TARGETED_DEVICE_FAMILY = "1,2";
				TEST_HOST = "$(BUILT_PRODUCTS_DIR)/ExperianAssesment.app/$(BUNDLE_EXECUTABLE_FOLDER_PATH)/ExperianAssesment";
			};
			name = Debug;
		};
		E1E3FEAE2B7B2AA70051EE6F /* Release */ = {
			isa = XCBuildConfiguration;
			buildSettings = {
				ALWAYS_EMBED_SWIFT_STANDARD_LIBRARIES = YES;
				BUNDLE_LOADER = "$(TEST_HOST)";
				CODE_SIGN_STYLE = Automatic;
				CURRENT_PROJECT_VERSION = 1;
				GENERATE_INFOPLIST_FILE = YES;
				IPHONEOS_DEPLOYMENT_TARGET = 17.0;
				MARKETING_VERSION = 1.0;
				PRODUCT_BUNDLE_IDENTIFIER = "Shaival-Personal.ExperianAssesmentTests";
				PRODUCT_NAME = "$(TARGET_NAME)";
				SWIFT_EMIT_LOC_STRINGS = NO;
				SWIFT_VERSION = 5.0;
				TARGETED_DEVICE_FAMILY = "1,2";
				TEST_HOST = "$(BUILT_PRODUCTS_DIR)/ExperianAssesment.app/$(BUNDLE_EXECUTABLE_FOLDER_PATH)/ExperianAssesment";
			};
			name = Release;
		};
		E1E3FEB02B7B2AA70051EE6F /* Debug */ = {
			isa = XCBuildConfiguration;
			buildSettings = {
				ALWAYS_EMBED_SWIFT_STANDARD_LIBRARIES = YES;
				CODE_SIGN_STYLE = Automatic;
				CURRENT_PROJECT_VERSION = 1;
				GENERATE_INFOPLIST_FILE = YES;
				MARKETING_VERSION = 1.0;
				PRODUCT_BUNDLE_IDENTIFIER = "Shaival-Personal.ExperianAssesmentUITests";
				PRODUCT_NAME = "$(TARGET_NAME)";
				SWIFT_EMIT_LOC_STRINGS = NO;
				SWIFT_VERSION = 5.0;
				TARGETED_DEVICE_FAMILY = "1,2";
				TEST_TARGET_NAME = ExperianAssesment;
			};
			name = Debug;
		};
		E1E3FEB12B7B2AA70051EE6F /* Release */ = {
			isa = XCBuildConfiguration;
			buildSettings = {
				ALWAYS_EMBED_SWIFT_STANDARD_LIBRARIES = YES;
				CODE_SIGN_STYLE = Automatic;
				CURRENT_PROJECT_VERSION = 1;
				GENERATE_INFOPLIST_FILE = YES;
				MARKETING_VERSION = 1.0;
				PRODUCT_BUNDLE_IDENTIFIER = "Shaival-Personal.ExperianAssesmentUITests";
				PRODUCT_NAME = "$(TARGET_NAME)";
				SWIFT_EMIT_LOC_STRINGS = NO;
				SWIFT_VERSION = 5.0;
				TARGETED_DEVICE_FAMILY = "1,2";
				TEST_TARGET_NAME = ExperianAssesment;
			};
			name = Release;
		};
/* End XCBuildConfiguration section */

/* Begin XCConfigurationList section */
		E1E3FE802B7B2AA60051EE6F /* Build configuration list for PBXProject "ExperianAssesment" */ = {
			isa = XCConfigurationList;
			buildConfigurations = (
				E1E3FEA72B7B2AA70051EE6F /* Debug */,
				E1E3FEA82B7B2AA70051EE6F /* Release */,
			);
			defaultConfigurationIsVisible = 0;
			defaultConfigurationName = Release;
		};
		E1E3FEA92B7B2AA70051EE6F /* Build configuration list for PBXNativeTarget "ExperianAssesment" */ = {
			isa = XCConfigurationList;
			buildConfigurations = (
				E1E3FEAA2B7B2AA70051EE6F /* Debug */,
				E1E3FEAB2B7B2AA70051EE6F /* Release */,
			);
			defaultConfigurationIsVisible = 0;
			defaultConfigurationName = Release;
		};
		E1E3FEAC2B7B2AA70051EE6F /* Build configuration list for PBXNativeTarget "ExperianAssesmentTests" */ = {
			isa = XCConfigurationList;
			buildConfigurations = (
				E1E3FEAD2B7B2AA70051EE6F /* Debug */,
				E1E3FEAE2B7B2AA70051EE6F /* Release */,
			);
			defaultConfigurationIsVisible = 0;
			defaultConfigurationName = Release;
		};
		E1E3FEAF2B7B2AA70051EE6F /* Build configuration list for PBXNativeTarget "ExperianAssesmentUITests" */ = {
			isa = XCConfigurationList;
			buildConfigurations = (
				E1E3FEB02B7B2AA70051EE6F /* Debug */,
				E1E3FEB12B7B2AA70051EE6F /* Release */,
			);
			defaultConfigurationIsVisible = 0;
			defaultConfigurationName = Release;
		};
/* End XCConfigurationList section */
	};
	rootObject = E1E3FE7D2B7B2AA60051EE6F /* Project object */;
}
